
Microsoft Visual Studio Solution File, Format Version 12.00
# Visual Studio Version 17
VisualStudioVersion = 17.11.35222.181
MinimumVisualStudioVersion = 10.0.40219.1
Project("{FAE04EC0-301F-11D3-BF4B-00C04F79EFBC}") = "PROG2070Assignment2", "PROG2070Assignment2.csproj", "{5E6020A9-7DB0-4C46-9EB5-F563FE1B6532}"
EndProject
Global
	GlobalSection(SolutionConfigurationPlatforms) = preSolution
		Debug|Any CPU = Debug|Any CPU
		Release|Any CPU = Release|Any CPU
	EndGlobalSection
	GlobalSection(ProjectConfigurationPlatforms) = postSolution
		{5E6020A9-7DB0-4C46-9EB5-F563FE1B6532}.Debug|Any CPU.ActiveCfg = Debug|Any CPU
		{5E6020A9-7DB0-4C46-9EB5-F563FE1B6532}.Debug|Any CPU.Build.0 = Debug|Any CPU
		{5E6020A9-7DB0-4C46-9EB5-F563FE1B6532}.Release|Any CPU.ActiveCfg = Release|Any CPU
		{5E6020A9-7DB0-4C46-9EB5-F563FE1B6532}.Release|Any CPU.Build.0 = Release|Any CPU
	EndGlobalSection
	GlobalSection(SolutionProperties) = preSolution
		HideSolutionNode = FALSE
	EndGlobalSection
	GlobalSection(ExtensibilityGlobals) = postSolution
		SolutionGuid = {220C68D4-543C-4CCB-A18E-A6D5B90AF8FB}
	EndGlobalSection
EndGlobal
